Microsoft Visual Studio Solution File, Format Version 12.00
# Visual Studio Version 18
VisualStudioVersion = 18.4.11605.240
MinimumVisualStudioVersion = 10.0.40219.1
Project("{2150E333-8FDC-42A3-9474-1A3956D46DE8}") = "src", "src", "{92BB8D4A-740B-4195-85AE-11233820B0FA}"
EndProject
Project("{9A19103F-16F7-4668-BE54-9A1E7A4F7556}") = "VirtoCommerce.SystemOperations.Web", "src\VirtoCommerce.SystemOperations.Web\VirtoCommerce.SystemOperations.Web.csproj", "{5F8A3F59-E7BB-428F-94CB-1B617BFE9846}"
EndProject
Project("{2150E333-8FDC-42A3-9474-1A3956D46DE8}") = "tests", "tests", "{D210A737-AF69-4670-8F00-18B0E5E97A5B}"
EndProject
Project("{9A19103F-16F7-4668-BE54-9A1E7A4F7556}") = "VirtoCommerce.SystemOperations.Tests", "tests\VirtoCommerce.SystemOperations.Tests\VirtoCommerce.SystemOperations.Tests.csproj", "{E8122988-00FE-4487-B261-983CA894E56B}"
EndProject
Project("{2150E333-8FDC-42A3-9474-1A3956D46DE8}") = "Solution Items", "Solution Items", "{7401E8C3-7F7D-4358-A3A0-F893F05147DA}"
	ProjectSection(SolutionItems) = preProject
		.editorconfig = .editorconfig
		.gitignore = .gitignore
		Directory.Build.props = Directory.Build.props
		LICENSE = LICENSE
		module.ignore = module.ignore
		README.md = README.md
		VirtoCommerce.SystemOperations.sln.DotSettings = VirtoCommerce.SystemOperations.sln.DotSettings
	EndProjectSection
EndProject
Project("{2150E333-8FDC-42A3-9474-1A3956D46DE8}") = "samples", "samples", "{25D995CF-999B-42C1-9094-31EA9F3BF5B0}"
EndProject
Project("{FAE04EC0-301F-11D3-BF4B-00C04F79EFBC}") = "VirtoCommerce.SystemOperations.Sample.Web", "samples\VirtoCommerce.SystemOperations.SampleExtension\VirtoCommerce.SystemOperations.Sample.Web.csproj", "{E296037B-DD95-F510-D0A1-6239736DBC1F}"
EndProject
Global
	GlobalSection(SolutionConfigurationPlatforms) = preSolution
		Debug|Any CPU = Debug|Any CPU
		Release|Any CPU = Release|Any CPU
	EndGlobalSection
	GlobalSection(ProjectConfigurationPlatforms) = postSolution
		{5F8A3F59-E7BB-428F-94CB-1B617BFE9846}.Debug|Any CPU.ActiveCfg = Debug|Any CPU
		{5F8A3F59-E7BB-428F-94CB-1B617BFE9846}.Debug|Any CPU.Build.0 = Debug|Any CPU
		{5F8A3F59-E7BB-428F-94CB-1B617BFE9846}.Release|Any CPU.ActiveCfg = Release|Any CPU
		{5F8A3F59-E7BB-428F-94CB-1B617BFE9846}.Release|Any CPU.Build.0 = Release|Any CPU
		{E8122988-00FE-4487-B261-983CA894E56B}.Debug|Any CPU.ActiveCfg = Debug|Any CPU
		{E8122988-00FE-4487-B261-983CA894E56B}.Debug|Any CPU.Build.0 = Debug|Any CPU
		{E8122988-00FE-4487-B261-983CA894E56B}.Release|Any CPU.ActiveCfg = Release|Any CPU
		{E8122988-00FE-4487-B261-983CA894E56B}.Release|Any CPU.Build.0 = Release|Any CPU
		{E296037B-DD95-F510-D0A1-6239736DBC1F}.Debug|Any CPU.ActiveCfg = Debug|Any CPU
		{E296037B-DD95-F510-D0A1-6239736DBC1F}.Debug|Any CPU.Build.0 = Debug|Any CPU
		{E296037B-DD95-F510-D0A1-6239736DBC1F}.Release|Any CPU.ActiveCfg = Release|Any CPU
		{E296037B-DD95-F510-D0A1-6239736DBC1F}.Release|Any CPU.Build.0 = Release|Any CPU
	EndGlobalSection
	GlobalSection(SolutionProperties) = preSolution
		HideSolutionNode = FALSE
	EndGlobalSection
	GlobalSection(NestedProjects) = preSolution
		{5F8A3F59-E7BB-428F-94CB-1B617BFE9846} = {92BB8D4A-740B-4195-85AE-11233820B0FA}
		{E8122988-00FE-4487-B261-983CA894E56B} = {D210A737-AF69-4670-8F00-18B0E5E97A5B}
		{E296037B-DD95-F510-D0A1-6239736DBC1F} = {25D995CF-999B-42C1-9094-31EA9F3BF5B0}
	EndGlobalSection
	GlobalSection(ExtensibilityGlobals) = postSolution
		SolutionGuid = {48773DE7-9825-4A52-8A96-7F62E46222CE}
	EndGlobalSection
EndGlobal
